// !$*UTF8*$!
{
	archiveVersion = 1;
	classes = {
	};
	objectVersion = 48;
	objects = {

/* Begin PBXBuildFile section */
		57BB9AB620402806003A79F7 /* AppDelegate.swift in Sources */ = {isa = PBXBuildFile; fileRef = 57BB9AB520402806003A79F7 /* AppDelegate.swift */; };
		57BB9AB820402806003A79F7 /* ViewController.swift in Sources */ = {isa = PBXBuildFile; fileRef = 57BB9AB720402806003A79F7 /* ViewController.swift */; };
		57BB9ABB20402806003A79F7 /* Main.storyboard in Resources */ = {isa = PBXBuildFile; fileRef = 57BB9AB920402806003A79F7 /* Main.storyboard */; };
		57BB9ABE20402806003A79F7 /* Talkboy.xcdatamodeld in Sources */ = {isa = PBXBuildFile; fileRef = 57BB9ABC20402806003A79F7 /* Talkboy.xcdatamodeld */; };
		57BB9AC020402806003A79F7 /* Assets.xcassets in Resources */ = {isa = PBXBuildFile; fileRef = 57BB9ABF20402806003A79F7 /* Assets.xcassets */; };
		57BB9AC320402806003A79F7 /* LaunchScreen.storyboard in Resources */ = {isa = PBXBuildFile; fileRef = 57BB9AC120402806003A79F7 /* LaunchScreen.storyboard */; };
/* End PBXBuildFile section */

/* Begin PBXFileReference section */
		57BB9AB220402806003A79F7 /* Talkboy.app */ = {isa = PBXFileReference; explicitFileType = wrapper.application; includeInIndex = 0; path = Talkboy.app; sourceTree = BUILT_PRODUCTS_DIR; };
		57BB9AB520402806003A79F7 /* AppDelegate.swift */ = {isa = PBXFileReference; lastKnownFileType = sourcecode.swift; path = AppDelegate.swift; sourceTree = "<group>"; };
		57BB9AB720402806003A79F7 /* ViewController.swift */ = {isa = PBXFileReference; lastKnownFileType = sourcecode.swift; path = ViewController.swift; sourceTree = "<group>"; };
		57BB9ABA20402806003A79F7 /* Base */ = {isa = PBXFileReference; lastKnownFileType = file.storyboard; name = Base; path = Base.lproj/Main.storyboard; sourceTree = "<group>"; };
		57BB9ABD20402806003A79F7 /* Talkboy.xcdatamodel */ = {isa = PBXFileReference; lastKnownFileType = wrapper.xcdatamodel; path = Talkboy.xcdatamodel; sourceTree = "<group>"; };
		57BB9ABF20402806003A79F7 /* Assets.xcassets */ = {isa = PBXFileReference; lastKnownFileType = folder.assetcatalog; path = Assets.xcassets; sourceTree = "<group>"; };
		57BB9AC220402806003A79F7 /* Base */ = {isa = PBXFileReference; lastKnownFileType = file.storyboard; name = Base; path = Base.lproj/LaunchScreen.storyboard; sourceTree = "<group>"; };
		57BB9AC420402806003A79F7 /* Info.plist */ = {isa = PBXFileReference; lastKnownFileType = text.plist.xml; path = Info.plist; sourceTree = "<group>"; };
/* End PBXFileReference section */

/* Begin PBXFrameworksBuildPhase section */
		57BB9AAF20402806003A79F7 /* Frameworks */ = {
			isa = PBXFrameworksBuildPhase;
			buildActionMask = 2147483647;
			files = (
			);
			runOnlyForDeploymentPostprocessing = 0;
		};
/* End PBXFrameworksBuildPhase section */

/* Begin PBXGroup section */
		57BB9AA920402806003A79F7 = {
			isa = PBXGroup;
			children = (
				57BB9AB420402806003A79F7 /* Talkboy */,
				57BB9AB320402806003A79F7 /* Products */,
			);
			sourceTree = "<group>";
		};
		57BB9AB320402806003A79F7 /* Products */ = {
			isa = PBXGroup;
			children = (
				57BB9AB220402806003A79F7 /* Talkboy.app */,
			);
			name = Products;
			sourceTree = "<group>";
		};
		57BB9AB420402806003A79F7 /* Talkboy */ = {
			isa = PBXGroup;
			children = (
				57BB9AB520402806003A79F7 /* AppDelegate.swift */,
				57BB9AB720402806003A79F7 /* ViewController.swift */,
				57BB9AB920402806003A79F7 /* Main.storyboard */,
				57BB9ABF20402806003A79F7 /* Assets.xcassets */,
				57BB9AC120402806003A79F7 /* LaunchScreen.storyboard */,
				57BB9AC420402806003A79F7 /* Info.plist */,
				57BB9ABC20402806003A79F7 /* Talkboy.xcdatamodeld */,
			);
			path = Talkboy;
			sourceTree = "<group>";
		};
/* End PBXGroup section */

/* Begin PBXNativeTarget section */
		57BB9AB120402806003A79F7 /* Talkboy */ = {
			isa = PBXNativeTarget;
			buildConfigurationList = 57BB9AC720402806003A79F7 /* Build configuration list for PBXNativeTarget "Talkboy" */;
			buildPhases = (
				57BB9AAE20402806003A79F7 /* Sources */,
				57BB9AAF20402806003A79F7 /* Frameworks */,
				57BB9AB020402806003A79F7 /* Resources */,
			);
			buildRules = (
			);
			dependencies = (
			);
			name = Talkboy;
			productName = Talkboy;
			productReference = 57BB9AB220402806003A79F7 /* Talkboy.app */;
			productType = "com.apple.product-type.application";
		};
/* End PBXNativeTarget section */

/* Begin PBXProject section */
		57BB9AAA20402806003A79F7 /* Project object */ = {
			isa = PBXProject;
			attributes = {
				LastSwiftUpdateCheck = 0920;
				LastUpgradeCheck = 0920;
				ORGANIZATIONNAME = "Andy Harris";
				TargetAttributes = {
					57BB9AB120402806003A79F7 = {
						CreatedOnToolsVersion = 9.2;
						ProvisioningStyle = Automatic;
					};
				};
			};
			buildConfigurationList = 57BB9AAD20402806003A79F7 /* Build configuration list for PBXProject "Talkboy" */;
			compatibilityVersion = "Xcode 8.0";
			developmentRegion = en;
			hasScannedForEncodings = 0;
			knownRegions = (
				en,
				Base,
			);
			mainGroup = 57BB9AA920402806003A79F7;
			productRefGroup = 57BB9AB320402806003A79F7 /* Products */;
			projectDirPath = "";
			projectRoot = "";
			targets = (
				57BB9AB120402806003A79F7 /* Talkboy */,
			);
		};
/* End PBXProject section */

/* Begin PBXResourcesBuildPhase section */
		57BB9AB020402806003A79F7 /* Resources */ = {
			isa = PBXResourcesBuildPhase;
			buildActionMask = 2147483647;
			files = (
				57BB9AC320402806003A79F7 /* LaunchScreen.storyboard in Resources */,
				57BB9AC020402806003A79F7 /* Assets.xcassets in Resources */,
				57BB9ABB20402806003A79F7 /* Main.storyboard in Resources */,
			);
			runOnlyForDeploymentPostprocessing = 0;
		};
/* End PBXResourcesBuildPhase section */

/* Begin PBXSourcesBuildPhase section */
		57BB9AAE20402806003A79F7 /* Sources */ = {
			isa = PBXSourcesBuildPhase;
			buildActionMask = 2147483647;
			files = (
				57BB9ABE20402806003A79F7 /* Talkboy.xcdatamodeld in Sources */,
				57BB9AB820402806003A79F7 /* ViewController.swift in Sources */,
				57BB9AB620402806003A79F7 /* AppDelegate.swift in Sources */,
			);
			runOnlyForDeploymentPostprocessing = 0;
		};
/* End PBXSourcesBuildPhase section */

/* Begin PBXVariantGroup section */
		57BB9AB920402806003A79F7 /* Main.storyboard */ = {
			isa = PBXVariantGroup;
			children = (
				57BB9ABA20402806003A79F7 /* Base */,
			);
			name = Main.storyboard;
			sourceTree = "<group>";
		};
		57BB9AC120402806003A79F7 /* LaunchScreen.storyboard */ = {
			isa = PBXVariantGroup;
			children = (
				57BB9AC220402806003A79F7 /* Base */,
			);
			name = LaunchScreen.storyboard;
			sourceTree = "<group>";
		};
/* End PBXVariantGroup section */

/* Begin XCBuildConfiguration section */
		57BB9AC520402806003A79F7 /* Debug */ = {
			isa = XCBuildConfiguration;
			buildSettings = {
				ALWAYS_SEARCH_USER_PATHS = NO;
				CLANG_ANALYZER_NONNULL = YES;
				CLANG_ANALYZER_NUMBER_OBJECT_CONVERSION = YES_AGGRESSIVE;
				CLANG_CXX_LANGUAGE_STANDARD = "gnu++14";
				CLANG_CXX_LIBRARY = "libc++";
				CLANG_ENABLE_MODULES = YES;
				CLANG_ENABLE_OBJC_ARC = YES;
				CLANG_WARN_BLOCK_CAPTURE_AUTORELEASING = YES;
				CLANG_WARN_BOOL_CONVERSION = YES;
				CLANG_WARN_COMMA = YES;
				CLANG_WARN_CONSTANT_CONVERSION = YES;
				CLANG_WARN_DIRECT_OBJC_ISA_USAGE = YES_ERROR;
				CLANG_WARN_DOCUMENTATION_COMMENTS = YES;
				CLANG_WARN_EMPTY_BODY = YES;
				CLANG_WARN_ENUM_CONVERSION = YES;
				CLANG_WARN_INFINITE_RECURSION = YES;
				CLANG_WARN_INT_CONVERSION = YES;
				CLANG_WARN_NON_LITERAL_NULL_CONVERSION = YES;
				CLANG_WARN_OBJC_LITERAL_CONVERSION = YES;
				CLANG_WARN_OBJC_ROOT_CLASS = YES_ERROR;
				CLANG_WARN_RANGE_LOOP_ANALYSIS = YES;
				CLANG_WARN_STRICT_PROTOTYPES = YES;
				CLANG_WARN_SUSPICIOUS_MOVE = YES;
				CLANG_WARN_UNGUARDED_AVAILABILITY = YES_AGGRESSIVE;
				CLANG_WARN_UNREACHABLE_CODE = YES;
				CLANG_WARN__DUPLICATE_METHOD_MATCH = YES;
				CODE_SIGN_IDENTITY = "iPhone Developer";
				COPY_PHASE_STRIP = NO;
				DEBUG_INFORMATION_FORMAT = dwarf;
				ENABLE_STRICT_OBJC_MSGSEND = YES;
				ENABLE_TESTABILITY = YES;
				GCC_C_LANGUAGE_STANDARD = gnu11;
				GCC_DYNAMIC_NO_PIC = NO;
				GCC_NO_COMMON_BLOCKS = YES;
				GCC_OPTIMIZATION_LEVEL = 0;
				GCC_PREPROCESSOR_DEFINITIONS = (
					"DEBUG=1",
					"$(inherited)",
				);
				GCC_WARN_64_TO_32_BIT_CONVERSION = YES;
				GCC_WARN_ABOUT_RETURN_TYPE = YES_ERROR;
				GCC_WARN_UNDECLARED_SELECTOR = YES;
				GCC_WARN_UNINITIALIZED_AUTOS = YES_AGGRESSIVE;
				GCC_WARN_UNUSED_FUNCTION = YES;
				GCC_WARN_UNUSED_VARIABLE = YES;
				IPHONEOS_DEPLOYMENT_TARGET = 11.2;
				MTL_ENABLE_DEBUG_INFO = YES;
				ONLY_ACTIVE_ARCH = YES;
				SDKROOT = iphoneos;
				SWIFT_ACTIVE_COMPILATION_CONDITIONS = DEBUG;
				SWIFT_OPTIMIZATION_LEVEL = "-Onone";
			};
			name = Debug;
		};
		57BB9AC620402806003A79F7 /* Release */ = {
			isa = XCBuildConfiguration;
			buildSettings = {
				ALWAYS_SEARCH_USER_PATHS = NO;
				CLANG_ANALYZER_NONNULL = YES;
				CLANG_ANALYZER_NUMBER_OBJECT_CONVERSION = YES_AGGRESSIVE;
				CLANG_CXX_LANGUAGE_STANDARD = "gnu++14";
				CLANG_CXX_LIBRARY = "libc++";
				CLANG_ENABLE_MODULES = YES;
				CLANG_ENABLE_OBJC_ARC = YES;
				CLANG_WARN_BLOCK_CAPTURE_AUTORELEASING = YES;
				CLANG_WARN_BOOL_CONVERSION = YES;
				CLANG_WARN_COMMA = YES;
				CLANG_WARN_CONSTANT_CONVERSION = YES;
				CLANG_WARN_DIRECT_OBJC_ISA_USAGE = YES_ERROR;
				CLANG_WARN_DOCUMENTATION_COMMENTS = YES;
				CLANG_WARN_EMPTY_BODY = YES;
				CLANG_WARN_ENUM_CONVERSION = YES;
				CLANG_WARN_INFINITE_RECURSION = YES;
				CLANG_WARN_INT_CONVERSION = YES;
				CLANG_WARN_NON_LITERAL_NULL_CONVERSION = YES;
				CLANG_WARN_OBJC_LITERAL_CONVERSION = YES;
				CLANG_WARN_OBJC_ROOT_CLASS = YES_ERROR;
				CLANG_WARN_RANGE_LOOP_ANALYSIS = YES;
				CLANG_WARN_STRICT_PROTOTYPES = YES;
				CLANG_WARN_SUSPICIOUS_MOVE = YES;
				CLANG_WARN_UNGUARDED_AVAILABILITY = YES_AGGRESSIVE;
				CLANG_WARN_UNREACHABLE_CODE = YES;
				CLANG_WARN__DUPLICATE_METHOD_MATCH = YES;
				CODE_SIGN_IDENTITY = "iPhone Developer";
				COPY_PHASE_STRIP = NO;
				DEBUG_INFORMATION_FORMAT = "dwarf-with-dsym";
				ENABLE_NS_ASSERTIONS = NO;
				ENABLE_STRICT_OBJC_MSGSEND = YES;
				GCC_C_LANGUAGE_STANDARD = gnu11;
				GCC_NO_COMMON_BLOCKS = YES;
				GCC_WARN_64_TO_32_BIT_CONVERSION = YES;
				GCC_WARN_ABOUT_RETURN_TYPE = YES_ERROR;
				GCC_WARN_UNDECLARED_SELECTOR = YES;
				GCC_WARN_UNINITIALIZED_AUTOS = YES_AGGRESSIVE;
				GCC_WARN_UNUSED_FUNCTION = YES;
				GCC_WARN_UNUSED_VARIABLE = YES;
				IPHONEOS_DEPLOYMENT_TARGET = 11.2;
				MTL_ENABLE_DEBUG_INFO = NO;
				SDKROOT = iphoneos;
				SWIFT_OPTIMIZATION_LEVEL = "-Owholemodule";
				VALIDATE_PRODUCT = YES;
			};
			name = Release;
		};
		57BB9AC820402806003A79F7 /* Debug */ = {
			isa = XCBuildConfiguration;
			buildSettings = {
				ASSETCATALOG_COMPILER_APPICON_NAME = AppIcon;
				CODE_SIGN_STYLE = Automatic;
				INFOPLIST_FILE = Talkboy/Info.plist;
				LD_RUNPATH_SEARCH_PATHS = "$(inherited) @executable_path/Frameworks";
				PRODUCT_BUNDLE_IDENTIFIER = com.NelsonProgrammingSystems.Talkboy;
				PRODUCT_NAME = "$(TARGET_NAME)";
				SWIFT_VERSION = 4.0;
				TARGETED_DEVICE_FAMILY = "1,2";
			};
			name = Debug;
		};
		57BB9AC920402806003A79F7 /* Release */ = {
			isa = XCBuildConfiguration;
			buildSettings = {
				ASSETCATALOG_COMPILER_APPICON_NAME = AppIcon;
				CODE_SIGN_STYLE = Automatic;
				INFOPLIST_FILE = Talkboy/Info.plist;
				LD_RUNPATH_SEARCH_PATHS = "$(inherited) @executable_path/Frameworks";
				PRODUCT_BUNDLE_IDENTIFIER = com.NelsonProgrammingSystems.Talkboy;
				PRODUCT_NAME = "$(TARGET_NAME)";
				SWIFT_VERSION = 4.0;
				TARGETED_DEVICE_FAMILY = "1,2";
			};
			name = Release;
		};
/* End XCBuildConfiguration section */

/* Begin XCConfigurationList section */
		57BB9AAD20402806003A79F7 /* Build configuration list for PBXProject "Talkboy" */ = {
			isa = XCConfigurationList;
			buildConfigurations = (
				57BB9AC520402806003A79F7 /* Debug */,
				57BB9AC620402806003A79F7 /* Release */,
			);
			defaultConfigurationIsVisible = 0;
			defaultConfigurationName = Release;
		};
		57BB9AC720402806003A79F7 /* Build configuration list for PBXNativeTarget "Talkboy" */ = {
			isa = XCConfigurationList;
			buildConfigurations = (
				57BB9AC820402806003A79F7 /* Debug */,
				57BB9AC920402806003A79F7 /* Release */,
			);
			defaultConfigurationIsVisible = 0;
			defaultConfigurationName = Release;
		};
/* End XCConfigurationList section */

/* Begin XCVersionGroup section */
		57BB9ABC20402806003A79F7 /* Talkboy.xcdatamodeld */ = {
			isa = XCVersionGroup;
			children = (
				57BB9ABD20402806003A79F7 /* Talkboy.xcdatamodel */,
			);
			currentVersion = 57BB9ABD20402806003A79F7 /* Talkboy.xcdatamodel */;
			path = Talkboy.xcdatamodeld;
			sourceTree = "<group>";
			versionGroupType = wrapper.xcdatamodel;
		};
/* End XCVersionGroup section */
	};
	rootObject = 57BB9AAA20402806003A79F7 /* Project object */;
}
